
Microsoft Visual Studio Solution File, Format Version 12.00
# Visual Studio Version 17
VisualStudioVersion = 17.5.33627.172
MinimumVisualStudioVersion = 10.0.40219.1
Project("{2150E333-8FDC-42A3-9474-1A3956D46DE8}") = "src", "src", "{B3D1312A-5A23-484D-B001-854E52DD3073}"
EndProject
Project("{9A19103F-16F7-4668-BE54-9A1E7A4F7556}") = "Application", "Application\Application.csproj", "{2AEDC16C-A86B-4039-BF23-EA228CE3EE9B}"
EndProject
Project("{9A19103F-16F7-4668-BE54-9A1E7A4F7556}") = "Domain", "Domain\Domain.csproj", "{69BB3FD0-802A-46AE-B361-27DEDADE33CB}"
EndProject
Project("{9A19103F-16F7-4668-BE54-9A1E7A4F7556}") = "Infrastructure", "Infrastructure\Infrastructure.csproj", "{90B9B56A-62E9-40C4-87C0-75085992A0CE}"
EndProject
Project("{2150E333-8FDC-42A3-9474-1A3956D46DE8}") = "tests", "tests", "{C81E566D-782B-4B5A-A4DE-E4E7A183943A}"
EndProject
Project("{9A19103F-16F7-4668-BE54-9A1E7A4F7556}") = "Presentation", "Presentation\Presentation.csproj", "{7FB47A1C-2D44-4B02-AC92-86A7F7BA1CC0}"
EndProject
Project("{9A19103F-16F7-4668-BE54-9A1E7A4F7556}") = "Shared", "Shared\Shared.csproj", "{2BA18C79-45A8-4EE6-959F-0C4EA61284D6}"
EndProject
Project("{9A19103F-16F7-4668-BE54-9A1E7A4F7556}") = "Domain.UnitTests", "Domain.UnitTests\Domain.UnitTests.csproj", "{DACA9D9D-2AA5-4BC7-B2F4-45D9BD3B1A25}"
EndProject
Project("{9A19103F-16F7-4668-BE54-9A1E7A4F7556}") = "WebFrontEnd", "WebFrontEnd\WebFrontEnd.csproj", "{B00002FF-263D-45E9-90A4-1446AFD90920}"
EndProject
Project("{9A19103F-16F7-4668-BE54-9A1E7A4F7556}") = "MobileApp", "MobileApp\MobileApp.csproj", "{3D7166F6-60CA-4536-BA49-27B45A0EBC4D}"
EndProject
Project("{9A19103F-16F7-4668-BE54-9A1E7A4F7556}") = "Application.UnitTests", "Application.UnitTests\Application.UnitTests.csproj", "{353BA603-7175-4A3B-A3B9-19BA9096BC88}"
EndProject
Global
	GlobalSection(SolutionConfigurationPlatforms) = preSolution
		Backend|Any CPU = Backend|Any CPU
		Debug|Any CPU = Debug|Any CPU
		Release|Any CPU = Release|Any CPU
	EndGlobalSection
	GlobalSection(ProjectConfigurationPlatforms) = postSolution
		{2AEDC16C-A86B-4039-BF23-EA228CE3EE9B}.Backend|Any CPU.ActiveCfg = Backend|Any CPU
		{2AEDC16C-A86B-4039-BF23-EA228CE3EE9B}.Backend|Any CPU.Build.0 = Backend|Any CPU
		{2AEDC16C-A86B-4039-BF23-EA228CE3EE9B}.Debug|Any CPU.ActiveCfg = Debug|Any CPU
		{2AEDC16C-A86B-4039-BF23-EA228CE3EE9B}.Debug|Any CPU.Build.0 = Debug|Any CPU
		{2AEDC16C-A86B-4039-BF23-EA228CE3EE9B}.Release|Any CPU.ActiveCfg = Release|Any CPU
		{2AEDC16C-A86B-4039-BF23-EA228CE3EE9B}.Release|Any CPU.Build.0 = Release|Any CPU
		{69BB3FD0-802A-46AE-B361-27DEDADE33CB}.Backend|Any CPU.ActiveCfg = Backend|Any CPU
		{69BB3FD0-802A-46AE-B361-27DEDADE33CB}.Backend|Any CPU.Build.0 = Backend|Any CPU
		{69BB3FD0-802A-46AE-B361-27DEDADE33CB}.Debug|Any CPU.ActiveCfg = Debug|Any CPU
		{69BB3FD0-802A-46AE-B361-27DEDADE33CB}.Debug|Any CPU.Build.0 = Debug|Any CPU
		{69BB3FD0-802A-46AE-B361-27DEDADE33CB}.Release|Any CPU.ActiveCfg = Release|Any CPU
		{69BB3FD0-802A-46AE-B361-27DEDADE33CB}.Release|Any CPU.Build.0 = Release|Any CPU
		{90B9B56A-62E9-40C4-87C0-75085992A0CE}.Backend|Any CPU.ActiveCfg = Backend|Any CPU
		{90B9B56A-62E9-40C4-87C0-75085992A0CE}.Backend|Any CPU.Build.0 = Backend|Any CPU
		{90B9B56A-62E9-40C4-87C0-75085992A0CE}.Debug|Any CPU.ActiveCfg = Debug|Any CPU
		{90B9B56A-62E9-40C4-87C0-75085992A0CE}.Debug|Any CPU.Build.0 = Debug|Any CPU
		{90B9B56A-62E9-40C4-87C0-75085992A0CE}.Release|Any CPU.ActiveCfg = Release|Any CPU
		{90B9B56A-62E9-40C4-87C0-75085992A0CE}.Release|Any CPU.Build.0 = Release|Any CPU
		{7FB47A1C-2D44-4B02-AC92-86A7F7BA1CC0}.Backend|Any CPU.ActiveCfg = Backend|Any CPU
		{7FB47A1C-2D44-4B02-AC92-86A7F7BA1CC0}.Backend|Any CPU.Build.0 = Backend|Any CPU
		{7FB47A1C-2D44-4B02-AC92-86A7F7BA1CC0}.Debug|Any CPU.ActiveCfg = Debug|Any CPU
		{7FB47A1C-2D44-4B02-AC92-86A7F7BA1CC0}.Debug|Any CPU.Build.0 = Debug|Any CPU
		{7FB47A1C-2D44-4B02-AC92-86A7F7BA1CC0}.Release|Any CPU.ActiveCfg = Release|Any CPU
		{7FB47A1C-2D44-4B02-AC92-86A7F7BA1CC0}.Release|Any CPU.Build.0 = Release|Any CPU
		{2BA18C79-45A8-4EE6-959F-0C4EA61284D6}.Backend|Any CPU.ActiveCfg = Backend|Any CPU
		{2BA18C79-45A8-4EE6-959F-0C4EA61284D6}.Backend|Any CPU.Build.0 = Backend|Any CPU
		{2BA18C79-45A8-4EE6-959F-0C4EA61284D6}.Debug|Any CPU.ActiveCfg = Debug|Any CPU
		{2BA18C79-45A8-4EE6-959F-0C4EA61284D6}.Debug|Any CPU.Build.0 = Debug|Any CPU
		{2BA18C79-45A8-4EE6-959F-0C4EA61284D6}.Release|Any CPU.ActiveCfg = Release|Any CPU
		{2BA18C79-45A8-4EE6-959F-0C4EA61284D6}.Release|Any CPU.Build.0 = Release|Any CPU
		{DACA9D9D-2AA5-4BC7-B2F4-45D9BD3B1A25}.Backend|Any CPU.ActiveCfg = Backend|Any CPU
		{DACA9D9D-2AA5-4BC7-B2F4-45D9BD3B1A25}.Backend|Any CPU.Build.0 = Backend|Any CPU
		{DACA9D9D-2AA5-4BC7-B2F4-45D9BD3B1A25}.Debug|Any CPU.ActiveCfg = Debug|Any CPU
		{DACA9D9D-2AA5-4BC7-B2F4-45D9BD3B1A25}.Debug|Any CPU.Build.0 = Debug|Any CPU
		{DACA9D9D-2AA5-4BC7-B2F4-45D9BD3B1A25}.Release|Any CPU.ActiveCfg = Release|Any CPU
		{DACA9D9D-2AA5-4BC7-B2F4-45D9BD3B1A25}.Release|Any CPU.Build.0 = Release|Any CPU
		{B00002FF-263D-45E9-90A4-1446AFD90920}.Backend|Any CPU.ActiveCfg = Backend|Any CPU
		{B00002FF-263D-45E9-90A4-1446AFD90920}.Debug|Any CPU.ActiveCfg = Debug|Any CPU
		{B00002FF-263D-45E9-90A4-1446AFD90920}.Debug|Any CPU.Build.0 = Debug|Any CPU
		{B00002FF-263D-45E9-90A4-1446AFD90920}.Release|Any CPU.ActiveCfg = Release|Any CPU
		{B00002FF-263D-45E9-90A4-1446AFD90920}.Release|Any CPU.Build.0 = Release|Any CPU
		{3D7166F6-60CA-4536-BA49-27B45A0EBC4D}.Backend|Any CPU.ActiveCfg = Backend|Any CPU
		{3D7166F6-60CA-4536-BA49-27B45A0EBC4D}.Debug|Any CPU.ActiveCfg = Debug|Any CPU
		{3D7166F6-60CA-4536-BA49-27B45A0EBC4D}.Debug|Any CPU.Build.0 = Debug|Any CPU
		{3D7166F6-60CA-4536-BA49-27B45A0EBC4D}.Debug|Any CPU.Deploy.0 = Debug|Any CPU
		{3D7166F6-60CA-4536-BA49-27B45A0EBC4D}.Release|Any CPU.ActiveCfg = Release|Any CPU
		{353BA603-7175-4A3B-A3B9-19BA9096BC88}.Backend|Any CPU.ActiveCfg = Backend|Any CPU
		{353BA603-7175-4A3B-A3B9-19BA9096BC88}.Backend|Any CPU.Build.0 = Backend|Any CPU
		{353BA603-7175-4A3B-A3B9-19BA9096BC88}.Debug|Any CPU.ActiveCfg = Debug|Any CPU
		{353BA603-7175-4A3B-A3B9-19BA9096BC88}.Debug|Any CPU.Build.0 = Debug|Any CPU
		{353BA603-7175-4A3B-A3B9-19BA9096BC88}.Release|Any CPU.ActiveCfg = Release|Any CPU
		{353BA603-7175-4A3B-A3B9-19BA9096BC88}.Release|Any CPU.Build.0 = Release|Any CPU
	EndGlobalSection
	GlobalSection(SolutionProperties) = preSolution
		HideSolutionNode = FALSE
	EndGlobalSection
	GlobalSection(NestedProjects) = preSolution
		{2AEDC16C-A86B-4039-BF23-EA228CE3EE9B} = {B3D1312A-5A23-484D-B001-854E52DD3073}
		{69BB3FD0-802A-46AE-B361-27DEDADE33CB} = {B3D1312A-5A23-484D-B001-854E52DD3073}
		{90B9B56A-62E9-40C4-87C0-75085992A0CE} = {B3D1312A-5A23-484D-B001-854E52DD3073}
		{7FB47A1C-2D44-4B02-AC92-86A7F7BA1CC0} = {B3D1312A-5A23-484D-B001-854E52DD3073}
		{2BA18C79-45A8-4EE6-959F-0C4EA61284D6} = {B3D1312A-5A23-484D-B001-854E52DD3073}
		{DACA9D9D-2AA5-4BC7-B2F4-45D9BD3B1A25} = {C81E566D-782B-4B5A-A4DE-E4E7A183943A}
		{B00002FF-263D-45E9-90A4-1446AFD90920} = {B3D1312A-5A23-484D-B001-854E52DD3073}
		{3D7166F6-60CA-4536-BA49-27B45A0EBC4D} = {B3D1312A-5A23-484D-B001-854E52DD3073}
		{353BA603-7175-4A3B-A3B9-19BA9096BC88} = {C81E566D-782B-4B5A-A4DE-E4E7A183943A}
	EndGlobalSection
	GlobalSection(ExtensibilityGlobals) = postSolution
		SolutionGuid = {7613AD4F-6AA2-4F72-9907-29A302C03F3C}
	EndGlobalSection
EndGlobal
